
Microsoft Visual Studio Solution File, Format Version 12.00
# Visual Studio 15
VisualStudioVersion = 15.0.28010.2026
MinimumVisualStudioVersion = 10.0.40219.1
Project("{FAE04EC0-301F-11D3-BF4B-00C04F79EFBC}") = "QuanLyNhaHang", "QuanLyNhaHang\QuanLyNhaHang.csproj", "{4588D7E0-1639-4FFB-96FF-BAEF708A1CB5}"
EndProject
Global
	GlobalSection(SolutionConfigurationPlatforms) = preSolution
		Debug|Any CPU = Debug|Any CPU
		Release|Any CPU = Release|Any CPU
	EndGlobalSection
	GlobalSection(ProjectConfigurationPlatforms) = postSolution
		{4588D7E0-1639-4FFB-96FF-BAEF708A1CB5}.Debug|Any CPU.ActiveCfg = Debug|Any CPU
		{4588D7E0-1639-4FFB-96FF-BAEF708A1CB5}.Debug|Any CPU.Build.0 = Debug|Any CPU
		{4588D7E0-1639-4FFB-96FF-BAEF708A1CB5}.Release|Any CPU.ActiveCfg = Release|Any CPU
		{4588D7E0-1639-4FFB-96FF-BAEF708A1CB5}.Release|Any CPU.Build.0 = Release|Any CPU
	EndGlobalSection
	GlobalSection(SolutionProperties) = preSolution
		HideSolutionNode = FALSE
	EndGlobalSection
	GlobalSection(ExtensibilityGlobals) = postSolution
		SolutionGuid = {451AF76B-4A4D-4CB2-9302-FA8EF645429F}
	EndGlobalSection
EndGlobal
